// !$*UTF8*$!
{
	archiveVersion = 1;
	classes = {
	};
	objectVersion = 48;
	objects = {

/* Begin PBXBuildFile section */
		6A0C4B3720983FFD008B9222 /* ServicesTableTableViewController.swift in Sources */ = {isa = PBXBuildFile; fileRef = 6A0C4B3620983FFD008B9222 /* ServicesTableTableViewController.swift */; };
		6A0C4B392098403A008B9222 /* ServicesTableViewCell.swift in Sources */ = {isa = PBXBuildFile; fileRef = 6A0C4B382098403A008B9222 /* ServicesTableViewCell.swift */; };
		6A0C4B3B20984073008B9222 /* ServicesViewController.swift in Sources */ = {isa = PBXBuildFile; fileRef = 6A0C4B3A20984073008B9222 /* ServicesViewController.swift */; };
		6A0C4B3F20997BC4008B9222 /* aboutUsViewController.swift in Sources */ = {isa = PBXBuildFile; fileRef = 6A0C4B3E20997BC4008B9222 /* aboutUsViewController.swift */; };
		6A128F2B209C20CA0017FF43 /* ContacUsViewController.swift in Sources */ = {isa = PBXBuildFile; fileRef = 6A128F2A209C20CA0017FF43 /* ContacUsViewController.swift */; };
		6A128F2E209C22070017FF43 /* MapKit.framework in Frameworks */ = {isa = PBXBuildFile; fileRef = 6A128F2D209C22070017FF43 /* MapKit.framework */; };
		6A6F7E502096C907003B79B3 /* AppDelegate.swift in Sources */ = {isa = PBXBuildFile; fileRef = 6A6F7E4F2096C907003B79B3 /* AppDelegate.swift */; };
		6A6F7E522096C907003B79B3 /* ViewController.swift in Sources */ = {isa = PBXBuildFile; fileRef = 6A6F7E512096C907003B79B3 /* ViewController.swift */; };
		6A6F7E552096C907003B79B3 /* Main.storyboard in Resources */ = {isa = PBXBuildFile; fileRef = 6A6F7E532096C907003B79B3 /* Main.storyboard */; };
		6A6F7E572096C907003B79B3 /* Assets.xcassets in Resources */ = {isa = PBXBuildFile; fileRef = 6A6F7E562096C907003B79B3 /* Assets.xcassets */; };
		6A6F7E5A2096C907003B79B3 /* LaunchScreen.storyboard in Resources */ = {isa = PBXBuildFile; fileRef = 6A6F7E582096C907003B79B3 /* LaunchScreen.storyboard */; };
		6A6F7E652096C907003B79B3 /* EuroStarTests.swift in Sources */ = {isa = PBXBuildFile; fileRef = 6A6F7E642096C907003B79B3 /* EuroStarTests.swift */; };
		6A6F7E702096C907003B79B3 /* EuroStarUITests.swift in Sources */ = {isa = PBXBuildFile; fileRef = 6A6F7E6F2096C907003B79B3 /* EuroStarUITests.swift */; };
		6AF05A67209AC3BD0014910B /* PortfolioCollectionViewController.swift in Sources */ = {isa = PBXBuildFile; fileRef = 6AF05A66209AC3BD0014910B /* PortfolioCollectionViewController.swift */; };
		6AF05A69209AC3D10014910B /* PortfolioCollectionViewCell.swift in Sources */ = {isa = PBXBuildFile; fileRef = 6AF05A68209AC3D10014910B /* PortfolioCollectionViewCell.swift */; };
/* End PBXBuildFile section */

/* Begin PBXContainerItemProxy section */
		6A6F7E612096C907003B79B3 /* PBXContainerItemProxy */ = {
			isa = PBXContainerItemProxy;
			containerPortal = 6A6F7E442096C907003B79B3 /* Project object */;
			proxyType = 1;
			remoteGlobalIDString = 6A6F7E4B2096C907003B79B3;
			remoteInfo = EuroStar;
		};
		6A6F7E6C2096C907003B79B3 /* PBXContainerItemProxy */ = {
			isa = PBXContainerItemProxy;
			containerPortal = 6A6F7E442096C907003B79B3 /* Project object */;
			proxyType = 1;
			remoteGlobalIDString = 6A6F7E4B2096C907003B79B3;
			remoteInfo = EuroStar;
		};
/* End PBXContainerItemProxy section */

/* Begin PBXFileReference section */
		6A0C4B3620983FFD008B9222 /* ServicesTableTableViewController.swift */ = {isa = PBXFileReference; lastKnownFileType = sourcecode.swift; path = ServicesTableTableViewController.swift; sourceTree = "<group>"; };
		6A0C4B382098403A008B9222 /* ServicesTableViewCell.swift */ = {isa = PBXFileReference; lastKnownFileType = sourcecode.swift; path = ServicesTableViewCell.swift; sourceTree = "<group>"; };
		6A0C4B3A20984073008B9222 /* ServicesViewController.swift */ = {isa = PBXFileReference; lastKnownFileType = sourcecode.swift; path = ServicesViewController.swift; sourceTree = "<group>"; };
		6A0C4B3E20997BC4008B9222 /* aboutUsViewController.swift */ = {isa = PBXFileReference; lastKnownFileType = sourcecode.swift; path = aboutUsViewController.swift; sourceTree = "<group>"; };
		6A128F2A209C20CA0017FF43 /* ContacUsViewController.swift */ = {isa = PBXFileReference; lastKnownFileType = sourcecode.swift; path = ContacUsViewController.swift; sourceTree = "<group>"; };
		6A128F2D209C22070017FF43 /* MapKit.framework */ = {isa = PBXFileReference; lastKnownFileType = wrapper.framework; name = MapKit.framework; path = System/Library/Frameworks/MapKit.framework; sourceTree = SDKROOT; };
		6A6F7E4C2096C907003B79B3 /* EuroStar.app */ = {isa = PBXFileReference; explicitFileType = wrapper.application; includeInIndex = 0; path = EuroStar.app; sourceTree = BUILT_PRODUCTS_DIR; };
		6A6F7E4F2096C907003B79B3 /* AppDelegate.swift */ = {isa = PBXFileReference; lastKnownFileType = sourcecode.swift; path = AppDelegate.swift; sourceTree = "<group>"; };
		6A6F7E512096C907003B79B3 /* ViewController.swift */ = {isa = PBXFileReference; lastKnownFileType = sourcecode.swift; path = ViewController.swift; sourceTree = "<group>"; };
		6A6F7E542096C907003B79B3 /* Base */ = {isa = PBXFileReference; lastKnownFileType = file.storyboard; name = Base; path = Base.lproj/Main.storyboard; sourceTree = "<group>"; };
		6A6F7E562096C907003B79B3 /* Assets.xcassets */ = {isa = PBXFileReference; lastKnownFileType = folder.assetcatalog; path = Assets.xcassets; sourceTree = "<group>"; };
		6A6F7E592096C907003B79B3 /* Base */ = {isa = PBXFileReference; lastKnownFileType = file.storyboard; name = Base; path = Base.lproj/LaunchScreen.storyboard; sourceTree = "<group>"; };
		6A6F7E5B2096C907003B79B3 /* Info.plist */ = {isa = PBXFileReference; lastKnownFileType = text.plist.xml; path = Info.plist; sourceTree = "<group>"; };
		6A6F7E602096C907003B79B3 /* EuroStarTests.xctest */ = {isa = PBXFileReference; explicitFileType = wrapper.cfbundle; includeInIndex = 0; path = EuroStarTests.xctest; sourceTree = BUILT_PRODUCTS_DIR; };
		6A6F7E642096C907003B79B3 /* EuroStarTests.swift */ = {isa = PBXFileReference; lastKnownFileType = sourcecode.swift; path = EuroStarTests.swift; sourceTree = "<group>"; };
		6A6F7E662096C907003B79B3 /* Info.plist */ = {isa = PBXFileReference; lastKnownFileType = text.plist.xml; path = Info.plist; sourceTree = "<group>"; };
		6A6F7E6B2096C907003B79B3 /* EuroStarUITests.xctest */ = {isa = PBXFileReference; explicitFileType = wrapper.cfbundle; includeInIndex = 0; path = EuroStarUITests.xctest; sourceTree = BUILT_PRODUCTS_DIR; };
		6A6F7E6F2096C907003B79B3 /* EuroStarUITests.swift */ = {isa = PBXFileReference; lastKnownFileType = sourcecode.swift; path = EuroStarUITests.swift; sourceTree = "<group>"; };
		6A6F7E712096C907003B79B3 /* Info.plist */ = {isa = PBXFileReference; lastKnownFileType = text.plist.xml; path = Info.plist; sourceTree = "<group>"; };
		6AF05A66209AC3BD0014910B /* PortfolioCollectionViewController.swift */ = {isa = PBXFileReference; lastKnownFileType = sourcecode.swift; path = PortfolioCollectionViewController.swift; sourceTree = "<group>"; };
		6AF05A68209AC3D10014910B /* PortfolioCollectionViewCell.swift */ = {isa = PBXFileReference; lastKnownFileType = sourcecode.swift; path = PortfolioCollectionViewCell.swift; sourceTree = "<group>"; };
/* End PBXFileReference section */

/* Begin PBXFrameworksBuildPhase section */
		6A6F7E492096C907003B79B3 /* Frameworks */ = {
			isa = PBXFrameworksBuildPhase;
			buildActionMask = 2147483647;
			files = (
				6A128F2E209C22070017FF43 /* MapKit.framework in Frameworks */,
			);
			runOnlyForDeploymentPostprocessing = 0;
		};
		6A6F7E5D2096C907003B79B3 /* Frameworks */ = {
			isa = PBXFrameworksBuildPhase;
			buildActionMask = 2147483647;
			files = (
			);
			runOnlyForDeploymentPostprocessing = 0;
		};
		6A6F7E682096C907003B79B3 /* Frameworks */ = {
			isa = PBXFrameworksBuildPhase;
			buildActionMask = 2147483647;
			files = (
			);
			runOnlyForDeploymentPostprocessing = 0;
		};
/* End PBXFrameworksBuildPhase section */

/* Begin PBXGroup section */
		6A0C4B3520983F94008B9222 /* Services */ = {
			isa = PBXGroup;
			children = (
				6A0C4B3620983FFD008B9222 /* ServicesTableTableViewController.swift */,
				6A0C4B382098403A008B9222 /* ServicesTableViewCell.swift */,
				6A0C4B3A20984073008B9222 /* ServicesViewController.swift */,
			);
			path = Services;
			sourceTree = "<group>";
		};
		6A0C4B3D20997B7E008B9222 /* About Us */ = {
			isa = PBXGroup;
			children = (
				6A0C4B3E20997BC4008B9222 /* aboutUsViewController.swift */,
			);
			path = "About Us";
			sourceTree = "<group>";
		};
		6A128F29209C20890017FF43 /* Contact Us */ = {
			isa = PBXGroup;
			children = (
				6A128F2A209C20CA0017FF43 /* ContacUsViewController.swift */,
			);
			path = "Contact Us";
			sourceTree = "<group>";
		};
		6A128F2C209C22070017FF43 /* Frameworks */ = {
			isa = PBXGroup;
			children = (
				6A128F2D209C22070017FF43 /* MapKit.framework */,
			);
			name = Frameworks;
			sourceTree = "<group>";
		};
		6A6F7E432096C907003B79B3 = {
			isa = PBXGroup;
			children = (
				6A6F7E4E2096C907003B79B3 /* EuroStar */,
				6A6F7E632096C907003B79B3 /* EuroStarTests */,
				6A6F7E6E2096C907003B79B3 /* EuroStarUITests */,
				6A6F7E4D2096C907003B79B3 /* Products */,
				6A128F2C209C22070017FF43 /* Frameworks */,
			);
			sourceTree = "<group>";
		};
		6A6F7E4D2096C907003B79B3 /* Products */ = {
			isa = PBXGroup;
			children = (
				6A6F7E4C2096C907003B79B3 /* EuroStar.app */,
				6A6F7E602096C907003B79B3 /* EuroStarTests.xctest */,
				6A6F7E6B2096C907003B79B3 /* EuroStarUITests.xctest */,
			);
			name = Products;
			sourceTree = "<group>";
		};
		6A6F7E4E2096C907003B79B3 /* EuroStar */ = {
			isa = PBXGroup;
			children = (
				6A6F7E4F2096C907003B79B3 /* AppDelegate.swift */,
				6A6F7E512096C907003B79B3 /* ViewController.swift */,
				6AFADCFE209AC14B007DEAEE /* Portfolio */,
				6A0C4B3D20997B7E008B9222 /* About Us */,
				6A0C4B3520983F94008B9222 /* Services */,
				6A128F29209C20890017FF43 /* Contact Us */,
				6A6F7E532096C907003B79B3 /* Main.storyboard */,
				6A6F7E562096C907003B79B3 /* Assets.xcassets */,
				6A6F7E582096C907003B79B3 /* LaunchScreen.storyboard */,
				6A6F7E5B2096C907003B79B3 /* Info.plist */,
			);
			path = EuroStar;
			sourceTree = "<group>";
		};
		6A6F7E632096C907003B79B3 /* EuroStarTests */ = {
			isa = PBXGroup;
			children = (
				6A6F7E642096C907003B79B3 /* EuroStarTests.swift */,
				6A6F7E662096C907003B79B3 /* Info.plist */,
			);
			path = EuroStarTests;
			sourceTree = "<group>";
		};
		6A6F7E6E2096C907003B79B3 /* EuroStarUITests */ = {
			isa = PBXGroup;
			children = (
				6A6F7E6F2096C907003B79B3 /* EuroStarUITests.swift */,
				6A6F7E712096C907003B79B3 /* Info.plist */,
			);
			path = EuroStarUITests;
			sourceTree = "<group>";
		};
		6AFADCFE209AC14B007DEAEE /* Portfolio */ = {
			isa = PBXGroup;
			children = (
				6AF05A66209AC3BD0014910B /* PortfolioCollectionViewController.swift */,
				6AF05A68209AC3D10014910B /* PortfolioCollectionViewCell.swift */,
			);
			path = Portfolio;
			sourceTree = "<group>";
		};
/* End PBXGroup section */

/* Begin PBXNativeTarget section */
		6A6F7E4B2096C907003B79B3 /* EuroStar */ = {
			isa = PBXNativeTarget;
			buildConfigurationList = 6A6F7E742096C907003B79B3 /* Build configuration list for PBXNativeTarget "EuroStar" */;
			buildPhases = (
				6A6F7E482096C907003B79B3 /* Sources */,
				6A6F7E492096C907003B79B3 /* Frameworks */,
				6A6F7E4A2096C907003B79B3 /* Resources */,
			);
			buildRules = (
			);
			dependencies = (
			);
			name = EuroStar;
			productName = EuroStar;
			productReference = 6A6F7E4C2096C907003B79B3 /* EuroStar.app */;
			productType = "com.apple.product-type.application";
		};
		6A6F7E5F2096C907003B79B3 /* EuroStarTests */ = {
			isa = PBXNativeTarget;
			buildConfigurationList = 6A6F7E772096C907003B79B3 /* Build configuration list for PBXNativeTarget "EuroStarTests" */;
			buildPhases = (
				6A6F7E5C2096C907003B79B3 /* Sources */,
				6A6F7E5D2096C907003B79B3 /* Frameworks */,
				6A6F7E5E2096C907003B79B3 /* Resources */,
			);
			buildRules = (
			);
			dependencies = (
				6A6F7E622096C907003B79B3 /* PBXTargetDependency */,
			);
			name = EuroStarTests;
			productName = EuroStarTests;
			productReference = 6A6F7E602096C907003B79B3 /* EuroStarTests.xctest */;
			productType = "com.apple.product-type.bundle.unit-test";
		};
		6A6F7E6A2096C907003B79B3 /* EuroStarUITests */ = {
			isa = PBXNativeTarget;
			buildConfigurationList = 6A6F7E7A2096C907003B79B3 /* Build configuration list for PBXNativeTarget "EuroStarUITests" */;
			buildPhases = (
				6A6F7E672096C907003B79B3 /* Sources */,
				6A6F7E682096C907003B79B3 /* Frameworks */,
				6A6F7E692096C907003B79B3 /* Resources */,
			);
			buildRules = (
			);
			dependencies = (
				6A6F7E6D2096C907003B79B3 /* PBXTargetDependency */,
			);
			name = EuroStarUITests;
			productName = EuroStarUITests;
			productReference = 6A6F7E6B2096C907003B79B3 /* EuroStarUITests.xctest */;
			productType = "com.apple.product-type.bundle.ui-testing";
		};
/* End PBXNativeTarget section */

/* Begin PBXProject section */
		6A6F7E442096C907003B79B3 /* Project object */ = {
			isa = PBXProject;
			attributes = {
				LastSwiftUpdateCheck = 0910;
				LastUpgradeCheck = 0910;
				ORGANIZATIONNAME = "Imran Juma";
				TargetAttributes = {
					6A6F7E4B2096C907003B79B3 = {
						CreatedOnToolsVersion = 9.1;
						ProvisioningStyle = Automatic;
						SystemCapabilities = {
							com.apple.Maps.iOS = {
								enabled = 1;
							};
						};
					};
					6A6F7E5F2096C907003B79B3 = {
						CreatedOnToolsVersion = 9.1;
						ProvisioningStyle = Automatic;
						TestTargetID = 6A6F7E4B2096C907003B79B3;
					};
					6A6F7E6A2096C907003B79B3 = {
						CreatedOnToolsVersion = 9.1;
						ProvisioningStyle = Automatic;
						TestTargetID = 6A6F7E4B2096C907003B79B3;
					};
				};
			};
			buildConfigurationList = 6A6F7E472096C907003B79B3 /* Build configuration list for PBXProject "EuroStar" */;
			compatibilityVersion = "Xcode 8.0";
			developmentRegion = en;
			hasScannedForEncodings = 0;
			knownRegions = (
				en,
				Base,
			);
			mainGroup = 6A6F7E432096C907003B79B3;
			productRefGroup = 6A6F7E4D2096C907003B79B3 /* Products */;
			projectDirPath = "";
			projectRoot = "";
			targets = (
				6A6F7E4B2096C907003B79B3 /* EuroStar */,
				6A6F7E5F2096C907003B79B3 /* EuroStarTests */,
				6A6F7E6A2096C907003B79B3 /* EuroStarUITests */,
			);
		};
/* End PBXProject section */

/* Begin PBXResourcesBuildPhase section */
		6A6F7E4A2096C907003B79B3 /* Resources */ = {
			isa = PBXResourcesBuildPhase;
			buildActionMask = 2147483647;
			files = (
				6A6F7E5A2096C907003B79B3 /* LaunchScreen.storyboard in Resources */,
				6A6F7E572096C907003B79B3 /* Assets.xcassets in Resources */,
				6A6F7E552096C907003B79B3 /* Main.storyboard in Resources */,
			);
			runOnlyForDeploymentPostprocessing = 0;
		};
		6A6F7E5E2096C907003B79B3 /* Resources */ = {
			isa = PBXResourcesBuildPhase;
			buildActionMask = 2147483647;
			files = (
			);
			runOnlyForDeploymentPostprocessing = 0;
		};
		6A6F7E692096C907003B79B3 /* Resources */ = {
			isa = PBXResourcesBuildPhase;
			buildActionMask = 2147483647;
			files = (
			);
			runOnlyForDeploymentPostprocessing = 0;
		};
/* End PBXResourcesBuildPhase section */

/* Begin PBXSourcesBuildPhase section */
		6A6F7E482096C907003B79B3 /* Sources */ = {
			isa = PBXSourcesBuildPhase;
			buildActionMask = 2147483647;
			files = (
				6A0C4B3F20997BC4008B9222 /* aboutUsViewController.swift in Sources */,
				6A6F7E522096C907003B79B3 /* ViewController.swift in Sources */,
				6A0C4B392098403A008B9222 /* ServicesTableViewCell.swift in Sources */,
				6AF05A69209AC3D10014910B /* PortfolioCollectionViewCell.swift in Sources */,
				6A128F2B209C20CA0017FF43 /* ContacUsViewController.swift in Sources */,
				6AF05A67209AC3BD0014910B /* PortfolioCollectionViewController.swift in Sources */,
				6A6F7E502096C907003B79B3 /* AppDelegate.swift in Sources */,
				6A0C4B3B20984073008B9222 /* ServicesViewController.swift in Sources */,
				6A0C4B3720983FFD008B9222 /* ServicesTableTableViewController.swift in Sources */,
			);
			runOnlyForDeploymentPostprocessing = 0;
		};
		6A6F7E5C2096C907003B79B3 /* Sources */ = {
			isa = PBXSourcesBuildPhase;
			buildActionMask = 2147483647;
			files = (
				6A6F7E652096C907003B79B3 /* EuroStarTests.swift in Sources */,
			);
			runOnlyForDeploymentPostprocessing = 0;
		};
		6A6F7E672096C907003B79B3 /* Sources */ = {
			isa = PBXSourcesBuildPhase;
			buildActionMask = 2147483647;
			files = (
				6A6F7E702096C907003B79B3 /* EuroStarUITests.swift in Sources */,
			);
			runOnlyForDeploymentPostprocessing = 0;
		};
/* End PBXSourcesBuildPhase section */

/* Begin PBXTargetDependency section */
		6A6F7E622096C907003B79B3 /* PBXTargetDependency */ = {
			isa = PBXTargetDependency;
			target = 6A6F7E4B2096C907003B79B3 /* EuroStar */;
			targetProxy = 6A6F7E612096C907003B79B3 /* PBXContainerItemProxy */;
		};
		6A6F7E6D2096C907003B79B3 /* PBXTargetDependency */ = {
			isa = PBXTargetDependency;
			target = 6A6F7E4B2096C907003B79B3 /* EuroStar */;
			targetProxy = 6A6F7E6C2096C907003B79B3 /* PBXContainerItemProxy */;
		};
/* End PBXTargetDependency section */

/* Begin PBXVariantGroup section */
		6A6F7E532096C907003B79B3 /* Main.storyboard */ = {
			isa = PBXVariantGroup;
			children = (
				6A6F7E542096C907003B79B3 /* Base */,
			);
			name = Main.storyboard;
			sourceTree = "<group>";
		};
		6A6F7E582096C907003B79B3 /* LaunchScreen.storyboard */ = {
			isa = PBXVariantGroup;
			children = (
				6A6F7E592096C907003B79B3 /* Base */,
			);
			name = LaunchScreen.storyboard;
			sourceTree = "<group>";
		};
/* End PBXVariantGroup section */

/* Begin XCBuildConfiguration section */
		6A6F7E722096C907003B79B3 /* Debug */ = {
			isa = XCBuildConfiguration;
			buildSettings = {
				ALWAYS_SEARCH_USER_PATHS = NO;
				CLANG_ANALYZER_NONNULL = YES;
				CLANG_ANALYZER_NUMBER_OBJECT_CONVERSION = YES_AGGRESSIVE;
				CLANG_CXX_LANGUAGE_STANDARD = "gnu++14";
				CLANG_CXX_LIBRARY = "libc++";
				CLANG_ENABLE_MODULES = YES;
				CLANG_ENABLE_OBJC_ARC = YES;
				CLANG_WARN_BLOCK_CAPTURE_AUTORELEASING = YES;
				CLANG_WARN_BOOL_CONVERSION = YES;
				CLANG_WARN_COMMA = YES;
				CLANG_WARN_CONSTANT_CONVERSION = YES;
				CLANG_WARN_DIRECT_OBJC_ISA_USAGE = YES_ERROR;
				CLANG_WARN_DOCUMENTATION_COMMENTS = YES;
				CLANG_WARN_EMPTY_BODY = YES;
				CLANG_WARN_ENUM_CONVERSION = YES;
				CLANG_WARN_INFINITE_RECURSION = YES;
				CLANG_WARN_INT_CONVERSION = YES;
				CLANG_WARN_NON_LITERAL_NULL_CONVERSION = YES;
				CLANG_WARN_OBJC_LITERAL_CONVERSION = YES;
				CLANG_WARN_OBJC_ROOT_CLASS = YES_ERROR;
				CLANG_WARN_RANGE_LOOP_ANALYSIS = YES;
				CLANG_WARN_STRICT_PROTOTYPES = YES;
				CLANG_WARN_SUSPICIOUS_MOVE = YES;
				CLANG_WARN_UNGUARDED_AVAILABILITY = YES_AGGRESSIVE;
				CLANG_WARN_UNREACHABLE_CODE = YES;
				CLANG_WARN__DUPLICATE_METHOD_MATCH = YES;
				CODE_SIGN_IDENTITY = "iPhone Developer";
				COPY_PHASE_STRIP = NO;
				DEBUG_INFORMATION_FORMAT = dwarf;
				ENABLE_STRICT_OBJC_MSGSEND = YES;
				ENABLE_TESTABILITY = YES;
				GCC_C_LANGUAGE_STANDARD = gnu11;
				GCC_DYNAMIC_NO_PIC = NO;
				GCC_NO_COMMON_BLOCKS = YES;
				GCC_OPTIMIZATION_LEVEL = 0;
				GCC_PREPROCESSOR_DEFINITIONS = (
					"DEBUG=1",
					"$(inherited)",
				);
				GCC_WARN_64_TO_32_BIT_CONVERSION = YES;
				GCC_WARN_ABOUT_RETURN_TYPE = YES_ERROR;
				GCC_WARN_UNDECLARED_SELECTOR = YES;
				GCC_WARN_UNINITIALIZED_AUTOS = YES_AGGRESSIVE;
				GCC_WARN_UNUSED_FUNCTION = YES;
				GCC_WARN_UNUSED_VARIABLE = YES;
				IPHONEOS_DEPLOYMENT_TARGET = 11.1;
				MTL_ENABLE_DEBUG_INFO = YES;
				ONLY_ACTIVE_ARCH = YES;
				SDKROOT = iphoneos;
				SWIFT_ACTIVE_COMPILATION_CONDITIONS = DEBUG;
				SWIFT_OPTIMIZATION_LEVEL = "-Onone";
			};
			name = Debug;
		};
		6A6F7E732096C907003B79B3 /* Release */ = {
			isa = XCBuildConfiguration;
			buildSettings = {
				ALWAYS_SEARCH_USER_PATHS = NO;
				CLANG_ANALYZER_NONNULL = YES;
				CLANG_ANALYZER_NUMBER_OBJECT_CONVERSION = YES_AGGRESSIVE;
				CLANG_CXX_LANGUAGE_STANDARD = "gnu++14";
				CLANG_CXX_LIBRARY = "libc++";
				CLANG_ENABLE_MODULES = YES;
				CLANG_ENABLE_OBJC_ARC = YES;
				CLANG_WARN_BLOCK_CAPTURE_AUTORELEASING = YES;
				CLANG_WARN_BOOL_CONVERSION = YES;
				CLANG_WARN_COMMA = YES;
				CLANG_WARN_CONSTANT_CONVERSION = YES;
				CLANG_WARN_DIRECT_OBJC_ISA_USAGE = YES_ERROR;
				CLANG_WARN_DOCUMENTATION_COMMENTS = YES;
				CLANG_WARN_EMPTY_BODY = YES;
				CLANG_WARN_ENUM_CONVERSION = YES;
				CLANG_WARN_INFINITE_RECURSION = YES;
				CLANG_WARN_INT_CONVERSION = YES;
				CLANG_WARN_NON_LITERAL_NULL_CONVERSION = YES;
				CLANG_WARN_OBJC_LITERAL_CONVERSION = YES;
				CLANG_WARN_OBJC_ROOT_CLASS = YES_ERROR;
				CLANG_WARN_RANGE_LOOP_ANALYSIS = YES;
				CLANG_WARN_STRICT_PROTOTYPES = YES;
				CLANG_WARN_SUSPICIOUS_MOVE = YES;
				CLANG_WARN_UNGUARDED_AVAILABILITY = YES_AGGRESSIVE;
				CLANG_WARN_UNREACHABLE_CODE = YES;
				CLANG_WARN__DUPLICATE_METHOD_MATCH = YES;
				CODE_SIGN_IDENTITY = "iPhone Developer";
				COPY_PHASE_STRIP = NO;
				DEBUG_INFORMATION_FORMAT = "dwarf-with-dsym";
				ENABLE_NS_ASSERTIONS = NO;
				ENABLE_STRICT_OBJC_MSGSEND = YES;
				GCC_C_LANGUAGE_STANDARD = gnu11;
				GCC_NO_COMMON_BLOCKS = YES;
				GCC_WARN_64_TO_32_BIT_CONVERSION = YES;
				GCC_WARN_ABOUT_RETURN_TYPE = YES_ERROR;
				GCC_WARN_UNDECLARED_SELECTOR = YES;
				GCC_WARN_UNINITIALIZED_AUTOS = YES_AGGRESSIVE;
				GCC_WARN_UNUSED_FUNCTION = YES;
				GCC_WARN_UNUSED_VARIABLE = YES;
				IPHONEOS_DEPLOYMENT_TARGET = 11.1;
				MTL_ENABLE_DEBUG_INFO = NO;
				SDKROOT = iphoneos;
				SWIFT_OPTIMIZATION_LEVEL = "-Owholemodule";
				VALIDATE_PRODUCT = YES;
			};
			name = Release;
		};
		6A6F7E752096C907003B79B3 /* Debug */ = {
			isa = XCBuildConfiguration;
			buildSettings = {
				ASSETCATALOG_COMPILER_APPICON_NAME = AppIcon;
				CODE_SIGN_STYLE = Automatic;
				INFOPLIST_FILE = EuroStar/Info.plist;
				LD_RUNPATH_SEARCH_PATHS = "$(inherited) @executable_path/Frameworks";
				PRODUCT_BUNDLE_IDENTIFIER = ImranJuma.EuroStar;
				PRODUCT_NAME = "$(TARGET_NAME)";
				SWIFT_VERSION = 4.0;
				TARGETED_DEVICE_FAMILY = "1,2";
			};
			name = Debug;
		};
		6A6F7E762096C907003B79B3 /* Release */ = {
			isa = XCBuildConfiguration;
			buildSettings = {
				ASSETCATALOG_COMPILER_APPICON_NAME = AppIcon;
				CODE_SIGN_STYLE = Automatic;
				INFOPLIST_FILE = EuroStar/Info.plist;
				LD_RUNPATH_SEARCH_PATHS = "$(inherited) @executable_path/Frameworks";
				PRODUCT_BUNDLE_IDENTIFIER = ImranJuma.EuroStar;
				PRODUCT_NAME = "$(TARGET_NAME)";
				SWIFT_VERSION = 4.0;
				TARGETED_DEVICE_FAMILY = "1,2";
			};
			name = Release;
		};
		6A6F7E782096C907003B79B3 /* Debug */ = {
			isa = XCBuildConfiguration;
			buildSettings = {
				ALWAYS_EMBED_SWIFT_STANDARD_LIBRARIES = YES;
				BUNDLE_LOADER = "$(TEST_HOST)";
				CODE_SIGN_STYLE = Automatic;
				INFOPLIST_FILE = EuroStarTests/Info.plist;
				LD_RUNPATH_SEARCH_PATHS = "$(inherited) @executable_path/Frameworks @loader_path/Frameworks";
				PRODUCT_BUNDLE_IDENTIFIER = ImranJuma.EuroStarTests;
				PRODUCT_NAME = "$(TARGET_NAME)";
				SWIFT_VERSION = 4.0;
				TARGETED_DEVICE_FAMILY = "1,2";
				TEST_HOST = "$(BUILT_PRODUCTS_DIR)/EuroStar.app/EuroStar";
			};
			name = Debug;
		};
		6A6F7E792096C907003B79B3 /* Release */ = {
			isa = XCBuildConfiguration;
			buildSettings = {
				ALWAYS_EMBED_SWIFT_STANDARD_LIBRARIES = YES;
				BUNDLE_LOADER = "$(TEST_HOST)";
				CODE_SIGN_STYLE = Automatic;
				INFOPLIST_FILE = EuroStarTests/Info.plist;
				LD_RUNPATH_SEARCH_PATHS = "$(inherited) @executable_path/Frameworks @loader_path/Frameworks";
				PRODUCT_BUNDLE_IDENTIFIER = ImranJuma.EuroStarTests;
				PRODUCT_NAME = "$(TARGET_NAME)";
				SWIFT_VERSION = 4.0;
				TARGETED_DEVICE_FAMILY = "1,2";
				TEST_HOST = "$(BUILT_PRODUCTS_DIR)/EuroStar.app/EuroStar";
			};
			name = Release;
		};
		6A6F7E7B2096C907003B79B3 /* Debug */ = {
			isa = XCBuildConfiguration;
			buildSettings = {
				ALWAYS_EMBED_SWIFT_STANDARD_LIBRARIES = YES;
				CODE_SIGN_STYLE = Automatic;
				INFOPLIST_FILE = EuroStarUITests/Info.plist;
				LD_RUNPATH_SEARCH_PATHS = "$(inherited) @executable_path/Frameworks @loader_path/Frameworks";
				PRODUCT_BUNDLE_IDENTIFIER = ImranJuma.EuroStarUITests;
				PRODUCT_NAME = "$(TARGET_NAME)";
				SWIFT_VERSION = 4.0;
				TARGETED_DEVICE_FAMILY = "1,2";
				TEST_TARGET_NAME = EuroStar;
			};
			name = Debug;
		};
		6A6F7E7C2096C907003B79B3 /* Release */ = {
			isa = XCBuildConfiguration;
			buildSettings = {
				ALWAYS_EMBED_SWIFT_STANDARD_LIBRARIES = YES;
				CODE_SIGN_STYLE = Automatic;
				INFOPLIST_FILE = EuroStarUITests/Info.plist;
				LD_RUNPATH_SEARCH_PATHS = "$(inherited) @executable_path/Frameworks @loader_path/Frameworks";
				PRODUCT_BUNDLE_IDENTIFIER = ImranJuma.EuroStarUITests;
				PRODUCT_NAME = "$(TARGET_NAME)";
				SWIFT_VERSION = 4.0;
				TARGETED_DEVICE_FAMILY = "1,2";
				TEST_TARGET_NAME = EuroStar;
			};
			name = Release;
		};
/* End XCBuildConfiguration section */

/* Begin XCConfigurationList section */
		6A6F7E472096C907003B79B3 /* Build configuration list for PBXProject "EuroStar" */ = {
			isa = XCConfigurationList;
			buildConfigurations = (
				6A6F7E722096C907003B79B3 /* Debug */,
				6A6F7E732096C907003B79B3 /* Release */,
			);
			defaultConfigurationIsVisible = 0;
			defaultConfigurationName = Release;
		};
		6A6F7E742096C907003B79B3 /* Build configuration list for PBXNativeTarget "EuroStar" */ = {
			isa = XCConfigurationList;
			buildConfigurations = (
				6A6F7E752096C907003B79B3 /* Debug */,
				6A6F7E762096C907003B79B3 /* Release */,
			);
			defaultConfigurationIsVisible = 0;
			defaultConfigurationName = Release;
		};
		6A6F7E772096C907003B79B3 /* Build configuration list for PBXNativeTarget "EuroStarTests" */ = {
			isa = XCConfigurationList;
			buildConfigurations = (
				6A6F7E782096C907003B79B3 /* Debug */,
				6A6F7E792096C907003B79B3 /* Release */,
			);
			defaultConfigurationIsVisible = 0;
			defaultConfigurationName = Release;
		};
		6A6F7E7A2096C907003B79B3 /* Build configuration list for PBXNativeTarget "EuroStarUITests" */ = {
			isa = XCConfigurationList;
			buildConfigurations = (
				6A6F7E7B2096C907003B79B3 /* Debug */,
				6A6F7E7C2096C907003B79B3 /* Release */,
			);
			defaultConfigurationIsVisible = 0;
			defaultConfigurationName = Release;
		};
/* End XCConfigurationList section */
	};
	rootObject = 6A6F7E442096C907003B79B3 /* Project object */;
}
